
Microsoft Visual Studio Solution File, Format Version 12.00
# Visual Studio Version 17
VisualStudioVersion = 17.3.32825.248
MinimumVisualStudioVersion = 10.0.40219.1
Project("{FAE04EC0-301F-11D3-BF4B-00C04F79EFBC}") = "fibonacci", "fibonacci.csproj", "{A499F223-82B7-48AE-A86A-BD096778709E}"
EndProject
Global
	GlobalSection(SolutionConfigurationPlatforms) = preSolution
		Debug|Any CPU = Debug|Any CPU
		Release|Any CPU = Release|Any CPU
	EndGlobalSection
	GlobalSection(ProjectConfigurationPlatforms) = postSolution
		{A499F223-82B7-48AE-A86A-BD096778709E}.Debug|Any CPU.ActiveCfg = Debug|Any CPU
		{A499F223-82B7-48AE-A86A-BD096778709E}.Debug|Any CPU.Build.0 = Debug|Any CPU
		{A499F223-82B7-48AE-A86A-BD096778709E}.Release|Any CPU.ActiveCfg = Release|Any CPU
		{A499F223-82B7-48AE-A86A-BD096778709E}.Release|Any CPU.Build.0 = Release|Any CPU
	EndGlobalSection
	GlobalSection(SolutionProperties) = preSolution
		HideSolutionNode = FALSE
	EndGlobalSection
	GlobalSection(ExtensibilityGlobals) = postSolution
		SolutionGuid = {63EA88F1-0F68-49D3-97FA-DC2FCB59CC66}
	EndGlobalSection
EndGlobal
